
Microsoft Visual Studio Solution File, Format Version 12.00
# Visual Studio Version 16
VisualStudioVersion = 16.0.29609.76
MinimumVisualStudioVersion = 15.0.26124.0
Project("{2150E333-8FDC-42A3-9474-1A3956D46DE8}") = "src", "src", "{9899132B-84E9-486A-A3C0-5DF6CABFA995}"
EndProject
Project("{9A19103F-16F7-4668-BE54-9A1E7A4F7556}") = "MultiTask", "src\MultiTask\MultiTask.csproj", "{A681C2E6-A438-41E1-A347-2449BE3450D4}"
EndProject
Project("{2150E333-8FDC-42A3-9474-1A3956D46DE8}") = "test", "test", "{A3415722-9CDE-4C46-AF8C-92481ECB2B58}"
EndProject
Project("{9A19103F-16F7-4668-BE54-9A1E7A4F7556}") = "MultiTask.Tests", "test\MultiTask.Tests\MultiTask.Tests.csproj", "{4B2D3E95-AA45-4226-952B-F06BD9FA114C}"
EndProject
Global
	GlobalSection(SolutionConfigurationPlatforms) = preSolution
		Debug|Any CPU = Debug|Any CPU
		Debug|x64 = Debug|x64
		Debug|x86 = Debug|x86
		Release|Any CPU = Release|Any CPU
		Release|x64 = Release|x64
		Release|x86 = Release|x86
	EndGlobalSection
	GlobalSection(ProjectConfigurationPlatforms) = postSolution
		{A681C2E6-A438-41E1-A347-2449BE3450D4}.Debug|Any CPU.ActiveCfg = Debug|Any CPU
		{A681C2E6-A438-41E1-A347-2449BE3450D4}.Debug|Any CPU.Build.0 = Debug|Any CPU
		{A681C2E6-A438-41E1-A347-2449BE3450D4}.Debug|x64.ActiveCfg = Debug|Any CPU
		{A681C2E6-A438-41E1-A347-2449BE3450D4}.Debug|x64.Build.0 = Debug|Any CPU
		{A681C2E6-A438-41E1-A347-2449BE3450D4}.Debug|x86.ActiveCfg = Debug|Any CPU
		{A681C2E6-A438-41E1-A347-2449BE3450D4}.Debug|x86.Build.0 = Debug|Any CPU
		{A681C2E6-A438-41E1-A347-2449BE3450D4}.Release|Any CPU.ActiveCfg = Release|Any CPU
		{A681C2E6-A438-41E1-A347-2449BE3450D4}.Release|Any CPU.Build.0 = Release|Any CPU
		{A681C2E6-A438-41E1-A347-2449BE3450D4}.Release|x64.ActiveCfg = Release|Any CPU
		{A681C2E6-A438-41E1-A347-2449BE3450D4}.Release|x64.Build.0 = Release|Any CPU
		{A681C2E6-A438-41E1-A347-2449BE3450D4}.Release|x86.ActiveCfg = Release|Any CPU
		{A681C2E6-A438-41E1-A347-2449BE3450D4}.Release|x86.Build.0 = Release|Any CPU
		{4B2D3E95-AA45-4226-952B-F06BD9FA114C}.Debug|Any CPU.ActiveCfg = Debug|Any CPU
		{4B2D3E95-AA45-4226-952B-F06BD9FA114C}.Debug|Any CPU.Build.0 = Debug|Any CPU
		{4B2D3E95-AA45-4226-952B-F06BD9FA114C}.Debug|x64.ActiveCfg = Debug|Any CPU
		{4B2D3E95-AA45-4226-952B-F06BD9FA114C}.Debug|x64.Build.0 = Debug|Any CPU
		{4B2D3E95-AA45-4226-952B-F06BD9FA114C}.Debug|x86.ActiveCfg = Debug|Any CPU
		{4B2D3E95-AA45-4226-952B-F06BD9FA114C}.Debug|x86.Build.0 = Debug|Any CPU
		{4B2D3E95-AA45-4226-952B-F06BD9FA114C}.Release|Any CPU.ActiveCfg = Release|Any CPU
		{4B2D3E95-AA45-4226-952B-F06BD9FA114C}.Release|Any CPU.Build.0 = Release|Any CPU
		{4B2D3E95-AA45-4226-952B-F06BD9FA114C}.Release|x64.ActiveCfg = Release|Any CPU
		{4B2D3E95-AA45-4226-952B-F06BD9FA114C}.Release|x64.Build.0 = Release|Any CPU
		{4B2D3E95-AA45-4226-952B-F06BD9FA114C}.Release|x86.ActiveCfg = Release|Any CPU
		{4B2D3E95-AA45-4226-952B-F06BD9FA114C}.Release|x86.Build.0 = Release|Any CPU
	EndGlobalSection
	GlobalSection(SolutionProperties) = preSolution
		HideSolutionNode = FALSE
	EndGlobalSection
	GlobalSection(NestedProjects) = preSolution
		{A681C2E6-A438-41E1-A347-2449BE3450D4} = {9899132B-84E9-486A-A3C0-5DF6CABFA995}
		{4B2D3E95-AA45-4226-952B-F06BD9FA114C} = {A3415722-9CDE-4C46-AF8C-92481ECB2B58}
	EndGlobalSection
	GlobalSection(ExtensibilityGlobals) = postSolution
		SolutionGuid = {ED10F2AB-7F94-4033-B3A7-82E753A29159}
	EndGlobalSection
EndGlobal
